// !$*UTF8*$!
{
	archiveVersion = 1;
	classes = {
	};
	objectVersion = 56;
	objects = {

/* Begin PBXBuildFile section */
		7115FBBA29B7C26000966A30 /* GitHubSearchApp.swift in Sources */ = {isa = PBXBuildFile; fileRef = 7115FBB929B7C26000966A30 /* GitHubSearchApp.swift */; };
		7115FBBC29B7C26000966A30 /* SearchView.swift in Sources */ = {isa = PBXBuildFile; fileRef = 7115FBBB29B7C26000966A30 /* SearchView.swift */; };
		7115FBBE29B7C26100966A30 /* Assets.xcassets in Resources */ = {isa = PBXBuildFile; fileRef = 7115FBBD29B7C26100966A30 /* Assets.xcassets */; };
		7115FBC129B7C26100966A30 /* Preview Assets.xcassets in Resources */ = {isa = PBXBuildFile; fileRef = 7115FBC029B7C26100966A30 /* Preview Assets.xcassets */; };
		7115FBCB29B7C26100966A30 /* GitHubSearchTests.swift in Sources */ = {isa = PBXBuildFile; fileRef = 7115FBCA29B7C26100966A30 /* GitHubSearchTests.swift */; };
		7115FBD529B7C26100966A30 /* GitHubSearchUITests.swift in Sources */ = {isa = PBXBuildFile; fileRef = 7115FBD429B7C26100966A30 /* GitHubSearchUITests.swift */; };
		7115FBD729B7C26100966A30 /* GitHubSearchUITestsLaunchTests.swift in Sources */ = {isa = PBXBuildFile; fileRef = 7115FBD629B7C26100966A30 /* GitHubSearchUITestsLaunchTests.swift */; };
		7115FBE829B7C92500966A30 /* DetailView.swift in Sources */ = {isa = PBXBuildFile; fileRef = 7115FBE729B7C92500966A30 /* DetailView.swift */; };
		7115FBE929B7C92500966A30 /* DetailView.swift in Sources */ = {isa = PBXBuildFile; fileRef = 7115FBE729B7C92500966A30 /* DetailView.swift */; };
		7115FBEA29B7C92500966A30 /* DetailView.swift in Sources */ = {isa = PBXBuildFile; fileRef = 7115FBE729B7C92500966A30 /* DetailView.swift */; };
		7115FBED29B7D14E00966A30 /* RepositoryOwner.swift in Sources */ = {isa = PBXBuildFile; fileRef = 7115FBEC29B7D14E00966A30 /* RepositoryOwner.swift */; };
		7115FBEE29B7D14E00966A30 /* RepositoryOwner.swift in Sources */ = {isa = PBXBuildFile; fileRef = 7115FBEC29B7D14E00966A30 /* RepositoryOwner.swift */; };
		7115FBEF29B7D14E00966A30 /* RepositoryOwner.swift in Sources */ = {isa = PBXBuildFile; fileRef = 7115FBEC29B7D14E00966A30 /* RepositoryOwner.swift */; };
		7115FBF129B7D16700966A30 /* RepositoryLicense.swift in Sources */ = {isa = PBXBuildFile; fileRef = 7115FBF029B7D16700966A30 /* RepositoryLicense.swift */; };
		7115FBF229B7D16700966A30 /* RepositoryLicense.swift in Sources */ = {isa = PBXBuildFile; fileRef = 7115FBF029B7D16700966A30 /* RepositoryLicense.swift */; };
		7115FBF329B7D16700966A30 /* RepositoryLicense.swift in Sources */ = {isa = PBXBuildFile; fileRef = 7115FBF029B7D16700966A30 /* RepositoryLicense.swift */; };
		7115FBF529B7D19500966A30 /* RepositorySearchItem.swift in Sources */ = {isa = PBXBuildFile; fileRef = 7115FBF429B7D19500966A30 /* RepositorySearchItem.swift */; };
		7115FBF629B7D19500966A30 /* RepositorySearchItem.swift in Sources */ = {isa = PBXBuildFile; fileRef = 7115FBF429B7D19500966A30 /* RepositorySearchItem.swift */; };
		7115FBF729B7D19500966A30 /* RepositorySearchItem.swift in Sources */ = {isa = PBXBuildFile; fileRef = 7115FBF429B7D19500966A30 /* RepositorySearchItem.swift */; };
		7115FBF929B7D1B000966A30 /* RepositorySearchResponse.swift in Sources */ = {isa = PBXBuildFile; fileRef = 7115FBF829B7D1B000966A30 /* RepositorySearchResponse.swift */; };
		7115FBFA29B7D1B000966A30 /* RepositorySearchResponse.swift in Sources */ = {isa = PBXBuildFile; fileRef = 7115FBF829B7D1B000966A30 /* RepositorySearchResponse.swift */; };
		7115FBFB29B7D1B000966A30 /* RepositorySearchResponse.swift in Sources */ = {isa = PBXBuildFile; fileRef = 7115FBF829B7D1B000966A30 /* RepositorySearchResponse.swift */; };
		7115FBFE29B7D40500966A30 /* APIError.swift in Sources */ = {isa = PBXBuildFile; fileRef = 7115FBFD29B7D40500966A30 /* APIError.swift */; };
		7115FBFF29B7D40500966A30 /* APIError.swift in Sources */ = {isa = PBXBuildFile; fileRef = 7115FBFD29B7D40500966A30 /* APIError.swift */; };
		7115FC0029B7D40500966A30 /* APIError.swift in Sources */ = {isa = PBXBuildFile; fileRef = 7115FBFD29B7D40500966A30 /* APIError.swift */; };
		7115FC0229B7D4DA00966A30 /* APIResource.swift in Sources */ = {isa = PBXBuildFile; fileRef = 7115FC0129B7D4DA00966A30 /* APIResource.swift */; };
		7115FC0329B7D4DA00966A30 /* APIResource.swift in Sources */ = {isa = PBXBuildFile; fileRef = 7115FC0129B7D4DA00966A30 /* APIResource.swift */; };
		7115FC0429B7D4DA00966A30 /* APIResource.swift in Sources */ = {isa = PBXBuildFile; fileRef = 7115FC0129B7D4DA00966A30 /* APIResource.swift */; };
		7115FC0A29B7D6AD00966A30 /* RequestPerforming.swift in Sources */ = {isa = PBXBuildFile; fileRef = 7115FC0929B7D6AD00966A30 /* RequestPerforming.swift */; };
		7115FC0B29B7D6AD00966A30 /* RequestPerforming.swift in Sources */ = {isa = PBXBuildFile; fileRef = 7115FC0929B7D6AD00966A30 /* RequestPerforming.swift */; };
		7115FC0C29B7D6AD00966A30 /* RequestPerforming.swift in Sources */ = {isa = PBXBuildFile; fileRef = 7115FC0929B7D6AD00966A30 /* RequestPerforming.swift */; };
		7115FC1229B801B600966A30 /* SearchViewModel.swift in Sources */ = {isa = PBXBuildFile; fileRef = 7115FC1129B801B600966A30 /* SearchViewModel.swift */; };
		7115FC1329B801B600966A30 /* SearchViewModel.swift in Sources */ = {isa = PBXBuildFile; fileRef = 7115FC1129B801B600966A30 /* SearchViewModel.swift */; };
		7115FC1429B801B600966A30 /* SearchViewModel.swift in Sources */ = {isa = PBXBuildFile; fileRef = 7115FC1129B801B600966A30 /* SearchViewModel.swift */; };
		7115FC1729B80C8D00966A30 /* results.json in Resources */ = {isa = PBXBuildFile; fileRef = 7115FC1629B80C8D00966A30 /* results.json */; };
		7115FC1829B80C8D00966A30 /* results.json in Resources */ = {isa = PBXBuildFile; fileRef = 7115FC1629B80C8D00966A30 /* results.json */; };
		7115FC1929B80C8D00966A30 /* results.json in Resources */ = {isa = PBXBuildFile; fileRef = 7115FC1629B80C8D00966A30 /* results.json */; };
		7115FC2329B816B700966A30 /* APIClient.swift in Sources */ = {isa = PBXBuildFile; fileRef = 7115FC2229B816B700966A30 /* APIClient.swift */; };
		7115FC2429B816B700966A30 /* APIClient.swift in Sources */ = {isa = PBXBuildFile; fileRef = 7115FC2229B816B700966A30 /* APIClient.swift */; };
		7115FC2529B816B700966A30 /* APIClient.swift in Sources */ = {isa = PBXBuildFile; fileRef = 7115FC2229B816B700966A30 /* APIClient.swift */; };
		7115FC2C29B8295300966A30 /* IsPreview.swift in Sources */ = {isa = PBXBuildFile; fileRef = 7115FC2B29B8295300966A30 /* IsPreview.swift */; };
		7115FC2D29B8295300966A30 /* IsPreview.swift in Sources */ = {isa = PBXBuildFile; fileRef = 7115FC2B29B8295300966A30 /* IsPreview.swift */; };
		7115FC2E29B8295300966A30 /* IsPreview.swift in Sources */ = {isa = PBXBuildFile; fileRef = 7115FC2B29B8295300966A30 /* IsPreview.swift */; };
		7115FC3029B82D4400966A30 /* HTTPMethod.swift in Sources */ = {isa = PBXBuildFile; fileRef = 7115FC2F29B82D4400966A30 /* HTTPMethod.swift */; };
		7115FC3129B82D4400966A30 /* HTTPMethod.swift in Sources */ = {isa = PBXBuildFile; fileRef = 7115FC2F29B82D4400966A30 /* HTTPMethod.swift */; };
		7115FC3229B82D4400966A30 /* HTTPMethod.swift in Sources */ = {isa = PBXBuildFile; fileRef = 7115FC2F29B82D4400966A30 /* HTTPMethod.swift */; };
/* End PBXBuildFile section */

/* Begin PBXContainerItemProxy section */
		7115FBC729B7C26100966A30 /* PBXContainerItemProxy */ = {
			isa = PBXContainerItemProxy;
			containerPortal = 7115FBAE29B7C26000966A30 /* Project object */;
			proxyType = 1;
			remoteGlobalIDString = 7115FBB529B7C26000966A30;
			remoteInfo = GitHubSearch;
		};
		7115FBD129B7C26100966A30 /* PBXContainerItemProxy */ = {
			isa = PBXContainerItemProxy;
			containerPortal = 7115FBAE29B7C26000966A30 /* Project object */;
			proxyType = 1;
			remoteGlobalIDString = 7115FBB529B7C26000966A30;
			remoteInfo = GitHubSearch;
		};
/* End PBXContainerItemProxy section */

/* Begin PBXFileReference section */
		7115FBB629B7C26000966A30 /* GitHubSearch.app */ = {isa = PBXFileReference; explicitFileType = wrapper.application; includeInIndex = 0; path = GitHubSearch.app; sourceTree = BUILT_PRODUCTS_DIR; };
		7115FBB929B7C26000966A30 /* GitHubSearchApp.swift */ = {isa = PBXFileReference; lastKnownFileType = sourcecode.swift; path = GitHubSearchApp.swift; sourceTree = "<group>"; };
		7115FBBB29B7C26000966A30 /* SearchView.swift */ = {isa = PBXFileReference; lastKnownFileType = sourcecode.swift; path = SearchView.swift; sourceTree = "<group>"; };
		7115FBBD29B7C26100966A30 /* Assets.xcassets */ = {isa = PBXFileReference; lastKnownFileType = folder.assetcatalog; path = Assets.xcassets; sourceTree = "<group>"; };
		7115FBC029B7C26100966A30 /* Preview Assets.xcassets */ = {isa = PBXFileReference; lastKnownFileType = folder.assetcatalog; path = "Preview Assets.xcassets"; sourceTree = "<group>"; };
		7115FBC629B7C26100966A30 /* GitHubSearchTests.xctest */ = {isa = PBXFileReference; explicitFileType = wrapper.cfbundle; includeInIndex = 0; path = GitHubSearchTests.xctest; sourceTree = BUILT_PRODUCTS_DIR; };
		7115FBCA29B7C26100966A30 /* GitHubSearchTests.swift */ = {isa = PBXFileReference; lastKnownFileType = sourcecode.swift; path = GitHubSearchTests.swift; sourceTree = "<group>"; };
		7115FBD029B7C26100966A30 /* GitHubSearchUITests.xctest */ = {isa = PBXFileReference; explicitFileType = wrapper.cfbundle; includeInIndex = 0; path = GitHubSearchUITests.xctest; sourceTree = BUILT_PRODUCTS_DIR; };
		7115FBD429B7C26100966A30 /* GitHubSearchUITests.swift */ = {isa = PBXFileReference; lastKnownFileType = sourcecode.swift; path = GitHubSearchUITests.swift; sourceTree = "<group>"; };
		7115FBD629B7C26100966A30 /* GitHubSearchUITestsLaunchTests.swift */ = {isa = PBXFileReference; lastKnownFileType = sourcecode.swift; path = GitHubSearchUITestsLaunchTests.swift; sourceTree = "<group>"; };
		7115FBE729B7C92500966A30 /* DetailView.swift */ = {isa = PBXFileReference; lastKnownFileType = sourcecode.swift; path = DetailView.swift; sourceTree = "<group>"; };
		7115FBEC29B7D14E00966A30 /* RepositoryOwner.swift */ = {isa = PBXFileReference; lastKnownFileType = sourcecode.swift; path = RepositoryOwner.swift; sourceTree = "<group>"; };
		7115FBF029B7D16700966A30 /* RepositoryLicense.swift */ = {isa = PBXFileReference; lastKnownFileType = sourcecode.swift; path = RepositoryLicense.swift; sourceTree = "<group>"; };
		7115FBF429B7D19500966A30 /* RepositorySearchItem.swift */ = {isa = PBXFileReference; lastKnownFileType = sourcecode.swift; path = RepositorySearchItem.swift; sourceTree = "<group>"; };
		7115FBF829B7D1B000966A30 /* RepositorySearchResponse.swift */ = {isa = PBXFileReference; lastKnownFileType = sourcecode.swift; path = RepositorySearchResponse.swift; sourceTree = "<group>"; };
		7115FBFD29B7D40500966A30 /* APIError.swift */ = {isa = PBXFileReference; lastKnownFileType = sourcecode.swift; path = APIError.swift; sourceTree = "<group>"; };
		7115FC0129B7D4DA00966A30 /* APIResource.swift */ = {isa = PBXFileReference; lastKnownFileType = sourcecode.swift; path = APIResource.swift; sourceTree = "<group>"; };
		7115FC0929B7D6AD00966A30 /* RequestPerforming.swift */ = {isa = PBXFileReference; lastKnownFileType = sourcecode.swift; path = RequestPerforming.swift; sourceTree = "<group>"; };
		7115FC1129B801B600966A30 /* SearchViewModel.swift */ = {isa = PBXFileReference; lastKnownFileType = sourcecode.swift; path = SearchViewModel.swift; sourceTree = "<group>"; };
		7115FC1629B80C8D00966A30 /* results.json */ = {isa = PBXFileReference; fileEncoding = 4; lastKnownFileType = text.json; path = results.json; sourceTree = "<group>"; };
		7115FC2229B816B700966A30 /* APIClient.swift */ = {isa = PBXFileReference; lastKnownFileType = sourcecode.swift; path = APIClient.swift; sourceTree = "<group>"; };
		7115FC2B29B8295300966A30 /* IsPreview.swift */ = {isa = PBXFileReference; lastKnownFileType = sourcecode.swift; path = IsPreview.swift; sourceTree = "<group>"; };
		7115FC2F29B82D4400966A30 /* HTTPMethod.swift */ = {isa = PBXFileReference; lastKnownFileType = sourcecode.swift; path = HTTPMethod.swift; sourceTree = "<group>"; };
/* End PBXFileReference section */

/* Begin PBXFrameworksBuildPhase section */
		7115FBB329B7C26000966A30 /* Frameworks */ = {
			isa = PBXFrameworksBuildPhase;
			buildActionMask = 2147483647;
			files = (
			);
			runOnlyForDeploymentPostprocessing = 0;
		};
		7115FBC329B7C26100966A30 /* Frameworks */ = {
			isa = PBXFrameworksBuildPhase;
			buildActionMask = 2147483647;
			files = (
			);
			runOnlyForDeploymentPostprocessing = 0;
		};
		7115FBCD29B7C26100966A30 /* Frameworks */ = {
			isa = PBXFrameworksBuildPhase;
			buildActionMask = 2147483647;
			files = (
			);
			runOnlyForDeploymentPostprocessing = 0;
		};
/* End PBXFrameworksBuildPhase section */

/* Begin PBXGroup section */
		7115FBAD29B7C26000966A30 = {
			isa = PBXGroup;
			children = (
				7115FBB829B7C26000966A30 /* GitHubSearch */,
				7115FBC929B7C26100966A30 /* GitHubSearchTests */,
				7115FBD329B7C26100966A30 /* GitHubSearchUITests */,
				7115FBB729B7C26000966A30 /* Products */,
			);
			sourceTree = "<group>";
		};
		7115FBB729B7C26000966A30 /* Products */ = {
			isa = PBXGroup;
			children = (
				7115FBB629B7C26000966A30 /* GitHubSearch.app */,
				7115FBC629B7C26100966A30 /* GitHubSearchTests.xctest */,
				7115FBD029B7C26100966A30 /* GitHubSearchUITests.xctest */,
			);
			name = Products;
			sourceTree = "<group>";
		};
		7115FBB829B7C26000966A30 /* GitHubSearch */ = {
			isa = PBXGroup;
			children = (
				7115FBE329B7C8B100966A30 /* Modules */,
				7115FBB929B7C26000966A30 /* GitHubSearchApp.swift */,
				7115FBBD29B7C26100966A30 /* Assets.xcassets */,
				7115FBBF29B7C26100966A30 /* Preview Content */,
			);
			path = GitHubSearch;
			sourceTree = "<group>";
		};
		7115FBBF29B7C26100966A30 /* Preview Content */ = {
			isa = PBXGroup;
			children = (
				7115FBC029B7C26100966A30 /* Preview Assets.xcassets */,
			);
			path = "Preview Content";
			sourceTree = "<group>";
		};
		7115FBC929B7C26100966A30 /* GitHubSearchTests */ = {
			isa = PBXGroup;
			children = (
				7115FBCA29B7C26100966A30 /* GitHubSearchTests.swift */,
			);
			path = GitHubSearchTests;
			sourceTree = "<group>";
		};
		7115FBD329B7C26100966A30 /* GitHubSearchUITests */ = {
			isa = PBXGroup;
			children = (
				7115FBD429B7C26100966A30 /* GitHubSearchUITests.swift */,
				7115FBD629B7C26100966A30 /* GitHubSearchUITestsLaunchTests.swift */,
			);
			path = GitHubSearchUITests;
			sourceTree = "<group>";
		};
		7115FBE329B7C8B100966A30 /* Modules */ = {
			isa = PBXGroup;
			children = (
				7115FC1529B80C5A00966A30 /* Resources */,
				7115FBEB29B7CE7B00966A30 /* Model */,
				7115FBE629B7C8C700966A30 /* Core */,
				7115FBE529B7C8BE00966A30 /* Detail */,
				7115FBE429B7C8B800966A30 /* Search */,
			);
			path = Modules;
			sourceTree = "<group>";
		};
		7115FBE429B7C8B800966A30 /* Search */ = {
			isa = PBXGroup;
			children = (
				7115FBBB29B7C26000966A30 /* SearchView.swift */,
				7115FC1129B801B600966A30 /* SearchViewModel.swift */,
			);
			path = Search;
			sourceTree = "<group>";
		};
		7115FBE529B7C8BE00966A30 /* Detail */ = {
			isa = PBXGroup;
			children = (
				7115FBE729B7C92500966A30 /* DetailView.swift */,
			);
			path = Detail;
			sourceTree = "<group>";
		};
		7115FBE629B7C8C700966A30 /* Core */ = {
			isa = PBXGroup;
			children = (
				7115FC2629B8274100966A30 /* Utils */,
				7115FBFC29B7D3FA00966A30 /* API */,
			);
			path = Core;
			sourceTree = "<group>";
		};
		7115FBEB29B7CE7B00966A30 /* Model */ = {
			isa = PBXGroup;
			children = (
				7115FBEC29B7D14E00966A30 /* RepositoryOwner.swift */,
				7115FBF029B7D16700966A30 /* RepositoryLicense.swift */,
				7115FBF429B7D19500966A30 /* RepositorySearchItem.swift */,
				7115FBF829B7D1B000966A30 /* RepositorySearchResponse.swift */,
			);
			path = Model;
			sourceTree = "<group>";
		};
		7115FBFC29B7D3FA00966A30 /* API */ = {
			isa = PBXGroup;
			children = (
				7115FC2F29B82D4400966A30 /* HTTPMethod.swift */,
				7115FBFD29B7D40500966A30 /* APIError.swift */,
				7115FC0129B7D4DA00966A30 /* APIResource.swift */,
				7115FC0929B7D6AD00966A30 /* RequestPerforming.swift */,
				7115FC2229B816B700966A30 /* APIClient.swift */,
			);
			path = API;
			sourceTree = "<group>";
		};
		7115FC1529B80C5A00966A30 /* Resources */ = {
			isa = PBXGroup;
			children = (
				7115FC1629B80C8D00966A30 /* results.json */,
			);
			path = Resources;
			sourceTree = "<group>";
		};
		7115FC2629B8274100966A30 /* Utils */ = {
			isa = PBXGroup;
			children = (
				7115FC2B29B8295300966A30 /* IsPreview.swift */,
			);
			path = Utils;
			sourceTree = "<group>";
		};
/* End PBXGroup section */

/* Begin PBXNativeTarget section */
		7115FBB529B7C26000966A30 /* GitHubSearch */ = {
			isa = PBXNativeTarget;
			buildConfigurationList = 7115FBDA29B7C26100966A30 /* Build configuration list for PBXNativeTarget "GitHubSearch" */;
			buildPhases = (
				7115FBB229B7C26000966A30 /* Sources */,
				7115FBB329B7C26000966A30 /* Frameworks */,
				7115FBB429B7C26000966A30 /* Resources */,
			);
			buildRules = (
			);
			dependencies = (
			);
			name = GitHubSearch;
			productName = GitHubSearch;
			productReference = 7115FBB629B7C26000966A30 /* GitHubSearch.app */;
			productType = "com.apple.product-type.application";
		};
		7115FBC529B7C26100966A30 /* GitHubSearchTests */ = {
			isa = PBXNativeTarget;
			buildConfigurationList = 7115FBDD29B7C26100966A30 /* Build configuration list for PBXNativeTarget "GitHubSearchTests" */;
			buildPhases = (
				7115FBC229B7C26100966A30 /* Sources */,
				7115FBC329B7C26100966A30 /* Frameworks */,
				7115FBC429B7C26100966A30 /* Resources */,
			);
			buildRules = (
			);
			dependencies = (
				7115FBC829B7C26100966A30 /* PBXTargetDependency */,
			);
			name = GitHubSearchTests;
			productName = GitHubSearchTests;
			productReference = 7115FBC629B7C26100966A30 /* GitHubSearchTests.xctest */;
			productType = "com.apple.product-type.bundle.unit-test";
		};
		7115FBCF29B7C26100966A30 /* GitHubSearchUITests */ = {
			isa = PBXNativeTarget;
			buildConfigurationList = 7115FBE029B7C26100966A30 /* Build configuration list for PBXNativeTarget "GitHubSearchUITests" */;
			buildPhases = (
				7115FBCC29B7C26100966A30 /* Sources */,
				7115FBCD29B7C26100966A30 /* Frameworks */,
				7115FBCE29B7C26100966A30 /* Resources */,
			);
			buildRules = (
			);
			dependencies = (
				7115FBD229B7C26100966A30 /* PBXTargetDependency */,
			);
			name = GitHubSearchUITests;
			productName = GitHubSearchUITests;
			productReference = 7115FBD029B7C26100966A30 /* GitHubSearchUITests.xctest */;
			productType = "com.apple.product-type.bundle.ui-testing";
		};
/* End PBXNativeTarget section */

/* Begin PBXProject section */
		7115FBAE29B7C26000966A30 /* Project object */ = {
			isa = PBXProject;
			attributes = {
				BuildIndependentTargetsInParallel = 1;
				LastSwiftUpdateCheck = 1420;
				LastUpgradeCheck = 1420;
				TargetAttributes = {
					7115FBB529B7C26000966A30 = {
						CreatedOnToolsVersion = 14.2;
					};
					7115FBC529B7C26100966A30 = {
						CreatedOnToolsVersion = 14.2;
						TestTargetID = 7115FBB529B7C26000966A30;
					};
					7115FBCF29B7C26100966A30 = {
						CreatedOnToolsVersion = 14.2;
						TestTargetID = 7115FBB529B7C26000966A30;
					};
				};
			};
			buildConfigurationList = 7115FBB129B7C26000966A30 /* Build configuration list for PBXProject "GitHubSearch" */;
			compatibilityVersion = "Xcode 14.0";
			developmentRegion = en;
			hasScannedForEncodings = 0;
			knownRegions = (
				en,
				Base,
			);
			mainGroup = 7115FBAD29B7C26000966A30;
			productRefGroup = 7115FBB729B7C26000966A30 /* Products */;
			projectDirPath = "";
			projectRoot = "";
			targets = (
				7115FBB529B7C26000966A30 /* GitHubSearch */,
				7115FBC529B7C26100966A30 /* GitHubSearchTests */,
				7115FBCF29B7C26100966A30 /* GitHubSearchUITests */,
			);
		};
/* End PBXProject section */

/* Begin PBXResourcesBuildPhase section */
		7115FBB429B7C26000966A30 /* Resources */ = {
			isa = PBXResourcesBuildPhase;
			buildActionMask = 2147483647;
			files = (
				7115FBC129B7C26100966A30 /* Preview Assets.xcassets in Resources */,
				7115FBBE29B7C26100966A30 /* Assets.xcassets in Resources */,
				7115FC1729B80C8D00966A30 /* results.json in Resources */,
			);
			runOnlyForDeploymentPostprocessing = 0;
		};
		7115FBC429B7C26100966A30 /* Resources */ = {
			isa = PBXResourcesBuildPhase;
			buildActionMask = 2147483647;
			files = (
				7115FC1829B80C8D00966A30 /* results.json in Resources */,
			);
			runOnlyForDeploymentPostprocessing = 0;
		};
		7115FBCE29B7C26100966A30 /* Resources */ = {
			isa = PBXResourcesBuildPhase;
			buildActionMask = 2147483647;
			files = (
				7115FC1929B80C8D00966A30 /* results.json in Resources */,
			);
			runOnlyForDeploymentPostprocessing = 0;
		};
/* End PBXResourcesBuildPhase section */

/* Begin PBXSourcesBuildPhase section */
		7115FBB229B7C26000966A30 /* Sources */ = {
			isa = PBXSourcesBuildPhase;
			buildActionMask = 2147483647;
			files = (
				7115FBF529B7D19500966A30 /* RepositorySearchItem.swift in Sources */,
				7115FC2C29B8295300966A30 /* IsPreview.swift in Sources */,
				7115FC3029B82D4400966A30 /* HTTPMethod.swift in Sources */,
				7115FBBC29B7C26000966A30 /* SearchView.swift in Sources */,
				7115FBE829B7C92500966A30 /* DetailView.swift in Sources */,
				7115FC2329B816B700966A30 /* APIClient.swift in Sources */,
				7115FBBA29B7C26000966A30 /* GitHubSearchApp.swift in Sources */,
				7115FC0229B7D4DA00966A30 /* APIResource.swift in Sources */,
				7115FC0A29B7D6AD00966A30 /* RequestPerforming.swift in Sources */,
				7115FC1229B801B600966A30 /* SearchViewModel.swift in Sources */,
				7115FBF129B7D16700966A30 /* RepositoryLicense.swift in Sources */,
				7115FBFE29B7D40500966A30 /* APIError.swift in Sources */,
				7115FBED29B7D14E00966A30 /* RepositoryOwner.swift in Sources */,
				7115FBF929B7D1B000966A30 /* RepositorySearchResponse.swift in Sources */,
			);
			runOnlyForDeploymentPostprocessing = 0;
		};
		7115FBC229B7C26100966A30 /* Sources */ = {
			isa = PBXSourcesBuildPhase;
			buildActionMask = 2147483647;
			files = (
				7115FC2D29B8295300966A30 /* IsPreview.swift in Sources */,
				7115FC1329B801B600966A30 /* SearchViewModel.swift in Sources */,
				7115FBFA29B7D1B000966A30 /* RepositorySearchResponse.swift in Sources */,
				7115FBCB29B7C26100966A30 /* GitHubSearchTests.swift in Sources */,
				7115FC0B29B7D6AD00966A30 /* RequestPerforming.swift in Sources */,
				7115FBF229B7D16700966A30 /* RepositoryLicense.swift in Sources */,
				7115FBEE29B7D14E00966A30 /* RepositoryOwner.swift in Sources */,
				7115FC2429B816B700966A30 /* APIClient.swift in Sources */,
				7115FBF629B7D19500966A30 /* RepositorySearchItem.swift in Sources */,
				7115FBE929B7C92500966A30 /* DetailView.swift in Sources */,
				7115FC3129B82D4400966A30 /* HTTPMethod.swift in Sources */,
				7115FC0329B7D4DA00966A30 /* APIResource.swift in Sources */,
				7115FBFF29B7D40500966A30 /* APIError.swift in Sources */,
			);
			runOnlyForDeploymentPostprocessing = 0;
		};
		7115FBCC29B7C26100966A30 /* Sources */ = {
			isa = PBXSourcesBuildPhase;
			buildActionMask = 2147483647;
			files = (
				7115FBF729B7D19500966A30 /* RepositorySearchItem.swift in Sources */,
				7115FC2E29B8295300966A30 /* IsPreview.swift in Sources */,
				7115FC3229B82D4400966A30 /* HTTPMethod.swift in Sources */,
				7115FBD529B7C26100966A30 /* GitHubSearchUITests.swift in Sources */,
				7115FBEA29B7C92500966A30 /* DetailView.swift in Sources */,
				7115FC2529B816B700966A30 /* APIClient.swift in Sources */,
				7115FBD729B7C26100966A30 /* GitHubSearchUITestsLaunchTests.swift in Sources */,
				7115FC0429B7D4DA00966A30 /* APIResource.swift in Sources */,
				7115FC0C29B7D6AD00966A30 /* RequestPerforming.swift in Sources */,
				7115FC1429B801B600966A30 /* SearchViewModel.swift in Sources */,
				7115FBF329B7D16700966A30 /* RepositoryLicense.swift in Sources */,
				7115FC0029B7D40500966A30 /* APIError.swift in Sources */,
				7115FBEF29B7D14E00966A30 /* RepositoryOwner.swift in Sources */,
				7115FBFB29B7D1B000966A30 /* RepositorySearchResponse.swift in Sources */,
			);
			runOnlyForDeploymentPostprocessing = 0;
		};
/* End PBXSourcesBuildPhase section */

/* Begin PBXTargetDependency section */
		7115FBC829B7C26100966A30 /* PBXTargetDependency */ = {
			isa = PBXTargetDependency;
			target = 7115FBB529B7C26000966A30 /* GitHubSearch */;
			targetProxy = 7115FBC729B7C26100966A30 /* PBXContainerItemProxy */;
		};
		7115FBD229B7C26100966A30 /* PBXTargetDependency */ = {
			isa = PBXTargetDependency;
			target = 7115FBB529B7C26000966A30 /* GitHubSearch */;
			targetProxy = 7115FBD129B7C26100966A30 /* PBXContainerItemProxy */;
		};
/* End PBXTargetDependency section */

/* Begin XCBuildConfiguration section */
		7115FBD829B7C26100966A30 /* Debug */ = {
			isa = XCBuildConfiguration;
			buildSettings = {
				ALWAYS_SEARCH_USER_PATHS = NO;
				CLANG_ANALYZER_NONNULL = YES;
				CLANG_ANALYZER_NUMBER_OBJECT_CONVERSION = YES_AGGRESSIVE;
				CLANG_CXX_LANGUAGE_STANDARD = "gnu++20";
				CLANG_ENABLE_MODULES = YES;
				CLANG_ENABLE_OBJC_ARC = YES;
				CLANG_ENABLE_OBJC_WEAK = YES;
				CLANG_WARN_BLOCK_CAPTURE_AUTORELEASING = YES;
				CLANG_WARN_BOOL_CONVERSION = YES;
				CLANG_WARN_COMMA = YES;
				CLANG_WARN_CONSTANT_CONVERSION = YES;
				CLANG_WARN_DEPRECATED_OBJC_IMPLEMENTATIONS = YES;
				CLANG_WARN_DIRECT_OBJC_ISA_USAGE = YES_ERROR;
				CLANG_WARN_DOCUMENTATION_COMMENTS = YES;
				CLANG_WARN_EMPTY_BODY = YES;
				CLANG_WARN_ENUM_CONVERSION = YES;
				CLANG_WARN_INFINITE_RECURSION = YES;
				CLANG_WARN_INT_CONVERSION = YES;
				CLANG_WARN_NON_LITERAL_NULL_CONVERSION = YES;
				CLANG_WARN_OBJC_IMPLICIT_RETAIN_SELF = YES;
				CLANG_WARN_OBJC_LITERAL_CONVERSION = YES;
				CLANG_WARN_OBJC_ROOT_CLASS = YES_ERROR;
				CLANG_WARN_QUOTED_INCLUDE_IN_FRAMEWORK_HEADER = YES;
				CLANG_WARN_RANGE_LOOP_ANALYSIS = YES;
				CLANG_WARN_STRICT_PROTOTYPES = YES;
				CLANG_WARN_SUSPICIOUS_MOVE = YES;
				CLANG_WARN_UNGUARDED_AVAILABILITY = YES_AGGRESSIVE;
				CLANG_WARN_UNREACHABLE_CODE = YES;
				CLANG_WARN__DUPLICATE_METHOD_MATCH = YES;
				COPY_PHASE_STRIP = NO;
				DEBUG_INFORMATION_FORMAT = dwarf;
				ENABLE_STRICT_OBJC_MSGSEND = YES;
				ENABLE_TESTABILITY = YES;
				GCC_C_LANGUAGE_STANDARD = gnu11;
				GCC_DYNAMIC_NO_PIC = NO;
				GCC_NO_COMMON_BLOCKS = YES;
				GCC_OPTIMIZATION_LEVEL = 0;
				GCC_PREPROCESSOR_DEFINITIONS = (
					"DEBUG=1",
					"$(inherited)",
				);
				GCC_WARN_64_TO_32_BIT_CONVERSION = YES;
				GCC_WARN_ABOUT_RETURN_TYPE = YES_ERROR;
				GCC_WARN_UNDECLARED_SELECTOR = YES;
				GCC_WARN_UNINITIALIZED_AUTOS = YES_AGGRESSIVE;
				GCC_WARN_UNUSED_FUNCTION = YES;
				GCC_WARN_UNUSED_VARIABLE = YES;
				IPHONEOS_DEPLOYMENT_TARGET = 16.2;
				MTL_ENABLE_DEBUG_INFO = INCLUDE_SOURCE;
				MTL_FAST_MATH = YES;
				ONLY_ACTIVE_ARCH = YES;
				SDKROOT = iphoneos;
				SWIFT_ACTIVE_COMPILATION_CONDITIONS = DEBUG;
				SWIFT_OPTIMIZATION_LEVEL = "-Onone";
			};
			name = Debug;
		};
		7115FBD929B7C26100966A30 /* Release */ = {
			isa = XCBuildConfiguration;
			buildSettings = {
				ALWAYS_SEARCH_USER_PATHS = NO;
				CLANG_ANALYZER_NONNULL = YES;
				CLANG_ANALYZER_NUMBER_OBJECT_CONVERSION = YES_AGGRESSIVE;
				CLANG_CXX_LANGUAGE_STANDARD = "gnu++20";
				CLANG_ENABLE_MODULES = YES;
				CLANG_ENABLE_OBJC_ARC = YES;
				CLANG_ENABLE_OBJC_WEAK = YES;
				CLANG_WARN_BLOCK_CAPTURE_AUTORELEASING = YES;
				CLANG_WARN_BOOL_CONVERSION = YES;
				CLANG_WARN_COMMA = YES;
				CLANG_WARN_CONSTANT_CONVERSION = YES;
				CLANG_WARN_DEPRECATED_OBJC_IMPLEMENTATIONS = YES;
				CLANG_WARN_DIRECT_OBJC_ISA_USAGE = YES_ERROR;
				CLANG_WARN_DOCUMENTATION_COMMENTS = YES;
				CLANG_WARN_EMPTY_BODY = YES;
				CLANG_WARN_ENUM_CONVERSION = YES;
				CLANG_WARN_INFINITE_RECURSION = YES;
				CLANG_WARN_INT_CONVERSION = YES;
				CLANG_WARN_NON_LITERAL_NULL_CONVERSION = YES;
				CLANG_WARN_OBJC_IMPLICIT_RETAIN_SELF = YES;
				CLANG_WARN_OBJC_LITERAL_CONVERSION = YES;
				CLANG_WARN_OBJC_ROOT_CLASS = YES_ERROR;
				CLANG_WARN_QUOTED_INCLUDE_IN_FRAMEWORK_HEADER = YES;
				CLANG_WARN_RANGE_LOOP_ANALYSIS = YES;
				CLANG_WARN_STRICT_PROTOTYPES = YES;
				CLANG_WARN_SUSPICIOUS_MOVE = YES;
				CLANG_WARN_UNGUARDED_AVAILABILITY = YES_AGGRESSIVE;
				CLANG_WARN_UNREACHABLE_CODE = YES;
				CLANG_WARN__DUPLICATE_METHOD_MATCH = YES;
				COPY_PHASE_STRIP = NO;
				DEBUG_INFORMATION_FORMAT = "dwarf-with-dsym";
				ENABLE_NS_ASSERTIONS = NO;
				ENABLE_STRICT_OBJC_MSGSEND = YES;
				GCC_C_LANGUAGE_STANDARD = gnu11;
				GCC_NO_COMMON_BLOCKS = YES;
				GCC_WARN_64_TO_32_BIT_CONVERSION = YES;
				GCC_WARN_ABOUT_RETURN_TYPE = YES_ERROR;
				GCC_WARN_UNDECLARED_SELECTOR = YES;
				GCC_WARN_UNINITIALIZED_AUTOS = YES_AGGRESSIVE;
				GCC_WARN_UNUSED_FUNCTION = YES;
				GCC_WARN_UNUSED_VARIABLE = YES;
				IPHONEOS_DEPLOYMENT_TARGET = 16.2;
				MTL_ENABLE_DEBUG_INFO = NO;
				MTL_FAST_MATH = YES;
				SDKROOT = iphoneos;
				SWIFT_COMPILATION_MODE = wholemodule;
				SWIFT_OPTIMIZATION_LEVEL = "-O";
				VALIDATE_PRODUCT = YES;
			};
			name = Release;
		};
		7115FBDB29B7C26100966A30 /* Debug */ = {
			isa = XCBuildConfiguration;
			buildSettings = {
				ASSETCATALOG_COMPILER_APPICON_NAME = AppIcon;
				ASSETCATALOG_COMPILER_GLOBAL_ACCENT_COLOR_NAME = AccentColor;
				CODE_SIGN_STYLE = Automatic;
				CURRENT_PROJECT_VERSION = 1;
				DEVELOPMENT_ASSET_PATHS = "\"GitHubSearch/Preview Content\"";
				DEVELOPMENT_TEAM = 37RT5AB87J;
				ENABLE_PREVIEWS = YES;
				GENERATE_INFOPLIST_FILE = YES;
				INFOPLIST_KEY_UIApplicationSceneManifest_Generation = YES;
				INFOPLIST_KEY_UIApplicationSupportsIndirectInputEvents = YES;
				INFOPLIST_KEY_UILaunchScreen_Generation = YES;
				INFOPLIST_KEY_UISupportedInterfaceOrientations_iPad = "UIInterfaceOrientationPortrait UIInterfaceOrientationPortraitUpsideDown UIInterfaceOrientationLandscapeLeft UIInterfaceOrientationLandscapeRight";
				INFOPLIST_KEY_UISupportedInterfaceOrientations_iPhone = "UIInterfaceOrientationPortrait UIInterfaceOrientationLandscapeLeft UIInterfaceOrientationLandscapeRight";
				LD_RUNPATH_SEARCH_PATHS = (
					"$(inherited)",
					"@executable_path/Frameworks",
				);
				MARKETING_VERSION = 1.0;
				PRODUCT_BUNDLE_IDENTIFIER = com.victorsoto.GitHubSearch;
				PRODUCT_NAME = "$(TARGET_NAME)";
				SWIFT_EMIT_LOC_STRINGS = YES;
				SWIFT_VERSION = 5.0;
				TARGETED_DEVICE_FAMILY = "1,2";
			};
			name = Debug;
		};
		7115FBDC29B7C26100966A30 /* Release */ = {
			isa = XCBuildConfiguration;
			buildSettings = {
				ASSETCATALOG_COMPILER_APPICON_NAME = AppIcon;
				ASSETCATALOG_COMPILER_GLOBAL_ACCENT_COLOR_NAME = AccentColor;
				CODE_SIGN_STYLE = Automatic;
				CURRENT_PROJECT_VERSION = 1;
				DEVELOPMENT_ASSET_PATHS = "\"GitHubSearch/Preview Content\"";
				DEVELOPMENT_TEAM = 37RT5AB87J;
				ENABLE_PREVIEWS = YES;
				GENERATE_INFOPLIST_FILE = YES;
				INFOPLIST_KEY_UIApplicationSceneManifest_Generation = YES;
				INFOPLIST_KEY_UIApplicationSupportsIndirectInputEvents = YES;
				INFOPLIST_KEY_UILaunchScreen_Generation = YES;
				INFOPLIST_KEY_UISupportedInterfaceOrientations_iPad = "UIInterfaceOrientationPortrait UIInterfaceOrientationPortraitUpsideDown UIInterfaceOrientationLandscapeLeft UIInterfaceOrientationLandscapeRight";
				INFOPLIST_KEY_UISupportedInterfaceOrientations_iPhone = "UIInterfaceOrientationPortrait UIInterfaceOrientationLandscapeLeft UIInterfaceOrientationLandscapeRight";
				LD_RUNPATH_SEARCH_PATHS = (
					"$(inherited)",
					"@executable_path/Frameworks",
				);
				MARKETING_VERSION = 1.0;
				PRODUCT_BUNDLE_IDENTIFIER = com.victorsoto.GitHubSearch;
				PRODUCT_NAME = "$(TARGET_NAME)";
				SWIFT_EMIT_LOC_STRINGS = YES;
				SWIFT_VERSION = 5.0;
				TARGETED_DEVICE_FAMILY = "1,2";
			};
			name = Release;
		};
		7115FBDE29B7C26100966A30 /* Debug */ = {
			isa = XCBuildConfiguration;
			buildSettings = {
				ALWAYS_EMBED_SWIFT_STANDARD_LIBRARIES = YES;
				BUNDLE_LOADER = "$(TEST_HOST)";
				CODE_SIGN_STYLE = Automatic;
				CURRENT_PROJECT_VERSION = 1;
				DEVELOPMENT_TEAM = 37RT5AB87J;
				GENERATE_INFOPLIST_FILE = YES;
				IPHONEOS_DEPLOYMENT_TARGET = 16.2;
				MARKETING_VERSION = 1.0;
				PRODUCT_BUNDLE_IDENTIFIER = com.victorsoto.GitHubSearchTests;
				PRODUCT_NAME = "$(TARGET_NAME)";
				SWIFT_EMIT_LOC_STRINGS = NO;
				SWIFT_VERSION = 5.0;
				TARGETED_DEVICE_FAMILY = "1,2";
				TEST_HOST = "$(BUILT_PRODUCTS_DIR)/GitHubSearch.app/$(BUNDLE_EXECUTABLE_FOLDER_PATH)/GitHubSearch";
			};
			name = Debug;
		};
		7115FBDF29B7C26100966A30 /* Release */ = {
			isa = XCBuildConfiguration;
			buildSettings = {
				ALWAYS_EMBED_SWIFT_STANDARD_LIBRARIES = YES;
				BUNDLE_LOADER = "$(TEST_HOST)";
				CODE_SIGN_STYLE = Automatic;
				CURRENT_PROJECT_VERSION = 1;
				DEVELOPMENT_TEAM = 37RT5AB87J;
				GENERATE_INFOPLIST_FILE = YES;
				IPHONEOS_DEPLOYMENT_TARGET = 16.2;
				MARKETING_VERSION = 1.0;
				PRODUCT_BUNDLE_IDENTIFIER = com.victorsoto.GitHubSearchTests;
				PRODUCT_NAME = "$(TARGET_NAME)";
				SWIFT_EMIT_LOC_STRINGS = NO;
				SWIFT_VERSION = 5.0;
				TARGETED_DEVICE_FAMILY = "1,2";
				TEST_HOST = "$(BUILT_PRODUCTS_DIR)/GitHubSearch.app/$(BUNDLE_EXECUTABLE_FOLDER_PATH)/GitHubSearch";
			};
			name = Release;
		};
		7115FBE129B7C26100966A30 /* Debug */ = {
			isa = XCBuildConfiguration;
			buildSettings = {
				ALWAYS_EMBED_SWIFT_STANDARD_LIBRARIES = YES;
				CODE_SIGN_STYLE = Automatic;
				CURRENT_PROJECT_VERSION = 1;
				DEVELOPMENT_TEAM = 37RT5AB87J;
				GENERATE_INFOPLIST_FILE = YES;
				MARKETING_VERSION = 1.0;
				PRODUCT_BUNDLE_IDENTIFIER = com.victorsoto.GitHubSearchUITests;
				PRODUCT_NAME = "$(TARGET_NAME)";
				SWIFT_EMIT_LOC_STRINGS = NO;
				SWIFT_VERSION = 5.0;
				TARGETED_DEVICE_FAMILY = "1,2";
				TEST_TARGET_NAME = GitHubSearch;
			};
			name = Debug;
		};
		7115FBE229B7C26100966A30 /* Release */ = {
			isa = XCBuildConfiguration;
			buildSettings = {
				ALWAYS_EMBED_SWIFT_STANDARD_LIBRARIES = YES;
				CODE_SIGN_STYLE = Automatic;
				CURRENT_PROJECT_VERSION = 1;
				DEVELOPMENT_TEAM = 37RT5AB87J;
				GENERATE_INFOPLIST_FILE = YES;
				MARKETING_VERSION = 1.0;
				PRODUCT_BUNDLE_IDENTIFIER = com.victorsoto.GitHubSearchUITests;
				PRODUCT_NAME = "$(TARGET_NAME)";
				SWIFT_EMIT_LOC_STRINGS = NO;
				SWIFT_VERSION = 5.0;
				TARGETED_DEVICE_FAMILY = "1,2";
				TEST_TARGET_NAME = GitHubSearch;
			};
			name = Release;
		};
/* End XCBuildConfiguration section */

/* Begin XCConfigurationList section */
		7115FBB129B7C26000966A30 /* Build configuration list for PBXProject "GitHubSearch" */ = {
			isa = XCConfigurationList;
			buildConfigurations = (
				7115FBD829B7C26100966A30 /* Debug */,
				7115FBD929B7C26100966A30 /* Release */,
			);
			defaultConfigurationIsVisible = 0;
			defaultConfigurationName = Release;
		};
		7115FBDA29B7C26100966A30 /* Build configuration list for PBXNativeTarget "GitHubSearch" */ = {
			isa = XCConfigurationList;
			buildConfigurations = (
				7115FBDB29B7C26100966A30 /* Debug */,
				7115FBDC29B7C26100966A30 /* Release */,
			);
			defaultConfigurationIsVisible = 0;
			defaultConfigurationName = Release;
		};
		7115FBDD29B7C26100966A30 /* Build configuration list for PBXNativeTarget "GitHubSearchTests" */ = {
			isa = XCConfigurationList;
			buildConfigurations = (
				7115FBDE29B7C26100966A30 /* Debug */,
				7115FBDF29B7C26100966A30 /* Release */,
			);
			defaultConfigurationIsVisible = 0;
			defaultConfigurationName = Release;
		};
		7115FBE029B7C26100966A30 /* Build configuration list for PBXNativeTarget "GitHubSearchUITests" */ = {
			isa = XCConfigurationList;
			buildConfigurations = (
				7115FBE129B7C26100966A30 /* Debug */,
				7115FBE229B7C26100966A30 /* Release */,
			);
			defaultConfigurationIsVisible = 0;
			defaultConfigurationName = Release;
		};
/* End XCConfigurationList section */
	};
	rootObject = 7115FBAE29B7C26000966A30 /* Project object */;
}
